PODS:
  - DGActivityIndicatorView (2.2.1)
  - IQKeyboardManager (6.5.6)
  - M13ProgressSuite (1.3.1)
  - MBProgressHUD (1.2.0)
  - SDOSCustomLoader (1.1.0):
    - SDOSCustomLoader/CustomLoader (= 1.1.0)
  - SDOSCustomLoader/CustomLoader (1.1.0)
  - SDOSLoader (3.2.0):
    - DGActivityIndicatorView (>= 2.2.1)
    - M13ProgressSuite (>= 1.3.1)
    - MBProgressHUD (~> 1.2)
    - SDOSCustomLoader (~> 1.1)
    - SDOSLoader/Loader (= 3.2.0)
    - SDOSSwiftExtension (~> 1.1)
  - SDOSLoader/Loader (3.2.0):
    - DGActivityIndicatorView (>= 2.2.1)
    - M13ProgressSuite (>= 1.3.1)
    - MBProgressHUD (~> 1.2)
    - SDOSCustomLoader (~> 1.1)
    - SDOSSwiftExtension (~> 1.1)
  - SDOSSwiftExtension (1.1.0):
    - SDOSSwiftExtension/SwiftExtension (= 1.1.0)
  - SDOSSwiftExtension/SwiftExtension (1.1.0)

DEPENDENCIES:
  - IQKeyboardManager
  - SDOSLoader (from `../../`)

SPEC REPOS:
  https://github.com/CocoaPods/Specs.git:
    - IQKeyboardManager
    - MBProgressHUD
  https://github.com/SDOSLabs/cocoapods-specs.git:
    - DGActivityIndicatorView
    - M13ProgressSuite
    - SDOSCustomLoader
    - SDOSSwiftExtension

EXTERNAL SOURCES:
  SDOSLoader:
    :path: "../../"

SPEC CHECKSUMS:
  DGActivityIndicatorView: 764b5bc85387d4204f96bac01a646db120ca96d4
  IQKeyboardManager: 2a6e97afdafc7becf0cb17a9a8d795e3a980717f
  M13ProgressSuite: 1849e830584fe325e6bed6fd65b01061101e1eb3
  MBProgressHUD: 3ee5efcc380f6a79a7cc9b363dd669c5e1ae7406
  SDOSCustomLoader: ea7e55514b70c318d73f604c54cc75681d155178
  SDOSLoader: 376aa4362c132848d65d8f3dcb88b1e26d2872cc
  SDOSSwiftExtension: dd7d060622abea7d2f4de4bf5be4099596a29193

PODFILE CHECKSUM: d9b3467b547f967009a944bd830bf7b17ed87402

COCOAPODS: 1.10.1
