PODS:
  - DGActivityIndicatorView (2.1)
  - IQKeyboardManager (6.5.6)
  - M13ProgressSuite (1.2.9)
  - MBProgressHUD (1.2.0)
  - SDOSCustomLoader (1.0.1):
    - SDOSCustomLoader/CustomLoader (= 1.0.1)
  - SDOSCustomLoader/CustomLoader (1.0.1)
  - SDOSLoader (3.0.2):
    - DGActivityIndicatorView
    - M13ProgressSuite
    - MBProgressHUD (~> 1.1)
    - SDOSCustomLoader
    - SDOSLoader/Loader (= 3.0.2)
    - SDOSSwiftExtension
  - SDOSLoader/Loader (3.0.2):
    - DGActivityIndicatorView
    - M13ProgressSuite
    - MBProgressHUD (~> 1.1)
    - SDOSCustomLoader
    - SDOSSwiftExtension
  - SDOSSwiftExtension (1.0.2):
    - SDOSSwiftExtension/SwiftExtension (= 1.0.2)
  - SDOSSwiftExtension/SwiftExtension (1.0.2)

DEPENDENCIES:
  - DGActivityIndicatorView (from `https://github.com/SDOSLabs/DGActivityIndicatorView.git`, tag `2.2.0`)
  - IQKeyboardManager
  - M13ProgressSuite (from `https://github.com/SDOSLabs/M13ProgressSuite.git`, tag `1.3.0`)
  - SDOSLoader (from `../../`)

SPEC REPOS:
  https://github.com/CocoaPods/Specs.git:
    - IQKeyboardManager
    - MBProgressHUD
  https://github.com/SDOSLabs/cocoapods-specs.git:
    - SDOSCustomLoader
    - SDOSSwiftExtension

EXTERNAL SOURCES:
  DGActivityIndicatorView:
    :git: https://github.com/SDOSLabs/DGActivityIndicatorView.git
    :tag: 2.2.0
  M13ProgressSuite:
    :git: https://github.com/SDOSLabs/M13ProgressSuite.git
    :tag: 1.3.0
  SDOSLoader:
    :path: "../../"

CHECKOUT OPTIONS:
  DGActivityIndicatorView:
    :git: https://github.com/SDOSLabs/DGActivityIndicatorView.git
    :tag: 2.2.0
  M13ProgressSuite:
    :git: https://github.com/SDOSLabs/M13ProgressSuite.git
    :tag: 1.3.0

SPEC CHECKSUMS:
  DGActivityIndicatorView: 1942ae657a8d247c035f229422b2d15a8adbe5b6
  IQKeyboardManager: 2a6e97afdafc7becf0cb17a9a8d795e3a980717f
  M13ProgressSuite: ea9f7263e73e9215e6849dfa54e29ee0ad6a145c
  MBProgressHUD: 3ee5efcc380f6a79a7cc9b363dd669c5e1ae7406
  SDOSCustomLoader: 299ba8e5b06479f6dd562560ae4e359f115c5f0c
  SDOSLoader: 76a567ff4e850951f9bf36f49f9b8554e925452a
  SDOSSwiftExtension: 6f9bd03dd6c1a6a70b5f60cd7cc470790aee3625

PODFILE CHECKSUM: 2d689654ea8dbdb7fc626faf879d6bdc5d15b33a

COCOAPODS: 1.9.3
