{
  "object": {
    "pins": [
      {
        "package": "DGActivityIndicatorView",
        "repositoryURL": "https://github.com/SDOSLabs/DGActivityIndicatorView.git",
        "state": {
          "branch": null,
          "revision": "b2f00f075b543d3caf6f8bbf6d0442dd47faf2d7",
          "version": "2.2.1"
        }
      },
      {
        "package": "M13ProgressSuite",
        "repositoryURL": "https://github.com/SDOSLabs/M13ProgressSuite.git",
        "state": {
          "branch": null,
          "revision": "4cd6098b17e078581be2e488151f52f0db0826d7",
          "version": "1.3.1"
        }
      },
      {
        "package": "MBProgressHUD",
        "repositoryURL": "https://github.com/jdg/MBProgressHUD.git",
        "state": {
          "branch": null,
          "revision": "bca42b801100b2b3a4eda0ba8dd33d858c780b0d",
          "version": "1.2.0"
        }
      },
      {
        "package": "SDOSCustomLoader",
        "repositoryURL": "https://github.com/SDOSLabs/SDOSCustomLoader.git",
        "state": {
          "branch": null,
          "revision": "147d3ac10646296a1d58c3fcb76edc9b53b346f7",
          "version": "1.1.0"
        }
      },
      {
        "package": "SDOSSwiftExtension",
        "repositoryURL": "https://github.com/SDOSLabs/SDOSSwiftExtension.git",
        "state": {
          "branch": null,
          "revision": "8577b1e70d3f7cf5d0cf4de927a300ede14f0dfe",
          "version": "1.1.0"
        }
      }
    ]
  },
  "version": 1
}
